
Microsoft Visual Studio Solution File, Format Version 12.00
# Visual Studio 15
VisualStudioVersion = 15.0.28307.421
MinimumVisualStudioVersion = 10.0.40219.1
Project("{FAE04EC0-301F-11D3-BF4B-00C04F79EFBC}") = "WpfApp6", "WpfApp6\WpfApp6.csproj", "{2A594BAA-BFA0-452C-9DD9-1F2939AA0276}"
EndProject
Global
	GlobalSection(SolutionConfigurationPlatforms) = preSolution
		Debug|Any CPU = Debug|Any CPU
		Release|Any CPU = Release|Any CPU
	EndGlobalSection
	GlobalSection(ProjectConfigurationPlatforms) = postSolution
		{2A594BAA-BFA0-452C-9DD9-1F2939AA0276}.Debug|Any CPU.ActiveCfg = Debug|Any CPU
		{2A594BAA-BFA0-452C-9DD9-1F2939AA0276}.Debug|Any CPU.Build.0 = Debug|Any CPU
		{2A594BAA-BFA0-452C-9DD9-1F2939AA0276}.Release|Any CPU.ActiveCfg = Release|Any CPU
		{2A594BAA-BFA0-452C-9DD9-1F2939AA0276}.Release|Any CPU.Build.0 = Release|Any CPU
	EndGlobalSection
	GlobalSection(SolutionProperties) = preSolution
		HideSolutionNode = FALSE
	EndGlobalSection
	GlobalSection(ExtensibilityGlobals) = postSolution
		SolutionGuid = {2BF7F8F2-9ED4-4741-9906-D2062B7591DD}
	EndGlobalSection
EndGlobal
